// !$*UTF8*$!
{
	archiveVersion = 1;
	classes = {
	};
	objectVersion = 48;
	objects = {

/* Begin PBXBuildFile section */
		492B88151FB0194F00FA5E84 /* CommentsTableViewCell.swift in Sources */ = {isa = PBXBuildFile; fileRef = 492B88141FB0194E00FA5E84 /* CommentsTableViewCell.swift */; };
		492B88171FB019E000FA5E84 /* CommentsTableViewController.swift in Sources */ = {isa = PBXBuildFile; fileRef = 492B88161FB019E000FA5E84 /* CommentsTableViewController.swift */; };
		4932D6991FAA425F0044917E /* Post.swift in Sources */ = {isa = PBXBuildFile; fileRef = 4932D6981FAA425F0044917E /* Post.swift */; };
		499A0B4D1FA7EA60008B6FB3 /* AppDelegate.swift in Sources */ = {isa = PBXBuildFile; fileRef = 499A0B4C1FA7EA60008B6FB3 /* AppDelegate.swift */; };
		499A0B521FA7EA60008B6FB3 /* Main.storyboard in Resources */ = {isa = PBXBuildFile; fileRef = 499A0B501FA7EA60008B6FB3 /* Main.storyboard */; };
		499A0B541FA7EA60008B6FB3 /* Assets.xcassets in Resources */ = {isa = PBXBuildFile; fileRef = 499A0B531FA7EA60008B6FB3 /* Assets.xcassets */; };
		499A0B571FA7EA60008B6FB3 /* LaunchScreen.storyboard in Resources */ = {isa = PBXBuildFile; fileRef = 499A0B551FA7EA60008B6FB3 /* LaunchScreen.storyboard */; };
		49C74F2E1FB02A9D00178E05 /* Comment.swift in Sources */ = {isa = PBXBuildFile; fileRef = 49C74F2D1FB02A9D00178E05 /* Comment.swift */; };
		49EE801F1FAA7D8000306FAE /* Networking.swift in Sources */ = {isa = PBXBuildFile; fileRef = 49EE801E1FAA7D8000306FAE /* Networking.swift */; };
		49EE80211FAA8ABA00306FAE /* PostsTableViewController.swift in Sources */ = {isa = PBXBuildFile; fileRef = 49EE80201FAA8ABA00306FAE /* PostsTableViewController.swift */; };
		49EE80231FAA8CBB00306FAE /* PostTableViewCell.swift in Sources */ = {isa = PBXBuildFile; fileRef = 49EE80221FAA8CBB00306FAE /* PostTableViewCell.swift */; };
/* End PBXBuildFile section */

/* Begin PBXFileReference section */
		492B88141FB0194E00FA5E84 /* CommentsTableViewCell.swift */ = {isa = PBXFileReference; lastKnownFileType = sourcecode.swift; path = CommentsTableViewCell.swift; sourceTree = "<group>"; };
		492B88161FB019E000FA5E84 /* CommentsTableViewController.swift */ = {isa = PBXFileReference; lastKnownFileType = sourcecode.swift; path = CommentsTableViewController.swift; sourceTree = "<group>"; };
		4932D6981FAA425F0044917E /* Post.swift */ = {isa = PBXFileReference; lastKnownFileType = sourcecode.swift; path = Post.swift; sourceTree = "<group>"; };
		499A0B491FA7EA60008B6FB3 /* ProductHunt.app */ = {isa = PBXFileReference; explicitFileType = wrapper.application; includeInIndex = 0; path = ProductHunt.app; sourceTree = BUILT_PRODUCTS_DIR; };
		499A0B4C1FA7EA60008B6FB3 /* AppDelegate.swift */ = {isa = PBXFileReference; lastKnownFileType = sourcecode.swift; path = AppDelegate.swift; sourceTree = "<group>"; };
		499A0B511FA7EA60008B6FB3 /* Base */ = {isa = PBXFileReference; lastKnownFileType = file.storyboard; name = Base; path = Base.lproj/Main.storyboard; sourceTree = "<group>"; };
		499A0B531FA7EA60008B6FB3 /* Assets.xcassets */ = {isa = PBXFileReference; lastKnownFileType = folder.assetcatalog; path = Assets.xcassets; sourceTree = "<group>"; };
		499A0B561FA7EA60008B6FB3 /* Base */ = {isa = PBXFileReference; lastKnownFileType = file.storyboard; name = Base; path = Base.lproj/LaunchScreen.storyboard; sourceTree = "<group>"; };
		499A0B581FA7EA60008B6FB3 /* Info.plist */ = {isa = PBXFileReference; lastKnownFileType = text.plist.xml; path = Info.plist; sourceTree = "<group>"; };
		49C74F2D1FB02A9D00178E05 /* Comment.swift */ = {isa = PBXFileReference; lastKnownFileType = sourcecode.swift; path = Comment.swift; sourceTree = "<group>"; };
		49EE801E1FAA7D8000306FAE /* Networking.swift */ = {isa = PBXFileReference; lastKnownFileType = sourcecode.swift; path = Networking.swift; sourceTree = "<group>"; };
		49EE80201FAA8ABA00306FAE /* PostsTableViewController.swift */ = {isa = PBXFileReference; lastKnownFileType = sourcecode.swift; path = PostsTableViewController.swift; sourceTree = "<group>"; };
		49EE80221FAA8CBB00306FAE /* PostTableViewCell.swift */ = {isa = PBXFileReference; lastKnownFileType = sourcecode.swift; path = PostTableViewCell.swift; sourceTree = "<group>"; };
/* End PBXFileReference section */

/* Begin PBXFrameworksBuildPhase section */
		499A0B461FA7EA60008B6FB3 /* Frameworks */ = {
			isa = PBXFrameworksBuildPhase;
			buildActionMask = 2147483647;
			files = (
			);
			runOnlyForDeploymentPostprocessing = 0;
		};
/* End PBXFrameworksBuildPhase section */

/* Begin PBXGroup section */
		492B88181FB019F500FA5E84 /* View Controllers */ = {
			isa = PBXGroup;
			children = (
				49EE80201FAA8ABA00306FAE /* PostsTableViewController.swift */,
				492B88161FB019E000FA5E84 /* CommentsTableViewController.swift */,
			);
			path = "View Controllers";
			sourceTree = "<group>";
		};
		492B88191FB01A0E00FA5E84 /* Cells */ = {
			isa = PBXGroup;
			children = (
				49EE80221FAA8CBB00306FAE /* PostTableViewCell.swift */,
				492B88141FB0194E00FA5E84 /* CommentsTableViewCell.swift */,
			);
			path = Cells;
			sourceTree = "<group>";
		};
		499A0B401FA7EA60008B6FB3 = {
			isa = PBXGroup;
			children = (
				499A0B4B1FA7EA60008B6FB3 /* ProductHunt */,
				499A0B4A1FA7EA60008B6FB3 /* Products */,
			);
			sourceTree = "<group>";
		};
		499A0B4A1FA7EA60008B6FB3 /* Products */ = {
			isa = PBXGroup;
			children = (
				499A0B491FA7EA60008B6FB3 /* ProductHunt.app */,
			);
			name = Products;
			sourceTree = "<group>";
		};
		499A0B4B1FA7EA60008B6FB3 /* ProductHunt */ = {
			isa = PBXGroup;
			children = (
				499A0B4C1FA7EA60008B6FB3 /* AppDelegate.swift */,
				49EE801E1FAA7D8000306FAE /* Networking.swift */,
				4932D6981FAA425F0044917E /* Post.swift */,
				49C74F2D1FB02A9D00178E05 /* Comment.swift */,
				492B88191FB01A0E00FA5E84 /* Cells */,
				492B88181FB019F500FA5E84 /* View Controllers */,
				499A0B501FA7EA60008B6FB3 /* Main.storyboard */,
				499A0B531FA7EA60008B6FB3 /* Assets.xcassets */,
				499A0B551FA7EA60008B6FB3 /* LaunchScreen.storyboard */,
				499A0B581FA7EA60008B6FB3 /* Info.plist */,
			);
			path = ProductHunt;
			sourceTree = "<group>";
		};
/* End PBXGroup section */

/* Begin PBXNativeTarget section */
		499A0B481FA7EA60008B6FB3 /* ProductHunt */ = {
			isa = PBXNativeTarget;
			buildConfigurationList = 499A0B5B1FA7EA60008B6FB3 /* Build configuration list for PBXNativeTarget "ProductHunt" */;
			buildPhases = (
				499A0B451FA7EA60008B6FB3 /* Sources */,
				499A0B461FA7EA60008B6FB3 /* Frameworks */,
				499A0B471FA7EA60008B6FB3 /* Resources */,
			);
			buildRules = (
			);
			dependencies = (
			);
			name = ProductHunt;
			productName = ProductHunt;
			productReference = 499A0B491FA7EA60008B6FB3 /* ProductHunt.app */;
			productType = "com.apple.product-type.application";
		};
/* End PBXNativeTarget section */

/* Begin PBXProject section */
		499A0B411FA7EA60008B6FB3 /* Project object */ = {
			isa = PBXProject;
			attributes = {
				LastSwiftUpdateCheck = 0900;
				LastUpgradeCheck = 0900;
				ORGANIZATIONNAME = "Andrew Tsukuda";
				TargetAttributes = {
					499A0B481FA7EA60008B6FB3 = {
						CreatedOnToolsVersion = 9.0;
						ProvisioningStyle = Automatic;
					};
				};
			};
			buildConfigurationList = 499A0B441FA7EA60008B6FB3 /* Build configuration list for PBXProject "ProductHunt" */;
			compatibilityVersion = "Xcode 8.0";
			developmentRegion = en;
			hasScannedForEncodings = 0;
			knownRegions = (
				en,
				Base,
			);
			mainGroup = 499A0B401FA7EA60008B6FB3;
			productRefGroup = 499A0B4A1FA7EA60008B6FB3 /* Products */;
			projectDirPath = "";
			projectRoot = "";
			targets = (
				499A0B481FA7EA60008B6FB3 /* ProductHunt */,
			);
		};
/* End PBXProject section */

/* Begin PBXResourcesBuildPhase section */
		499A0B471FA7EA60008B6FB3 /* Resources */ = {
			isa = PBXResourcesBuildPhase;
			buildActionMask = 2147483647;
			files = (
				499A0B571FA7EA60008B6FB3 /* LaunchScreen.storyboard in Resources */,
				499A0B541FA7EA60008B6FB3 /* Assets.xcassets in Resources */,
				499A0B521FA7EA60008B6FB3 /* Main.storyboard in Resources */,
			);
			runOnlyForDeploymentPostprocessing = 0;
		};
/* End PBXResourcesBuildPhase section */

/* Begin PBXSourcesBuildPhase section */
		499A0B451FA7EA60008B6FB3 /* Sources */ = {
			isa = PBXSourcesBuildPhase;
			buildActionMask = 2147483647;
			files = (
				492B88171FB019E000FA5E84 /* CommentsTableViewController.swift in Sources */,
				4932D6991FAA425F0044917E /* Post.swift in Sources */,
				492B88151FB0194F00FA5E84 /* CommentsTableViewCell.swift in Sources */,
				49C74F2E1FB02A9D00178E05 /* Comment.swift in Sources */,
				499A0B4D1FA7EA60008B6FB3 /* AppDelegate.swift in Sources */,
				49EE801F1FAA7D8000306FAE /* Networking.swift in Sources */,
				49EE80211FAA8ABA00306FAE /* PostsTableViewController.swift in Sources */,
				49EE80231FAA8CBB00306FAE /* PostTableViewCell.swift in Sources */,
			);
			runOnlyForDeploymentPostprocessing = 0;
		};
/* End PBXSourcesBuildPhase section */

/* Begin PBXVariantGroup section */
		499A0B501FA7EA60008B6FB3 /* Main.storyboard */ = {
			isa = PBXVariantGroup;
			children = (
				499A0B511FA7EA60008B6FB3 /* Base */,
			);
			name = Main.storyboard;
			sourceTree = "<group>";
		};
		499A0B551FA7EA60008B6FB3 /* LaunchScreen.storyboard */ = {
			isa = PBXVariantGroup;
			children = (
				499A0B561FA7EA60008B6FB3 /* Base */,
			);
			name = LaunchScreen.storyboard;
			sourceTree = "<group>";
		};
/* End PBXVariantGroup section */

/* Begin XCBuildConfiguration section */
		499A0B591FA7EA60008B6FB3 /* Debug */ = {
			isa = XCBuildConfiguration;
			buildSettings = {
				ALWAYS_SEARCH_USER_PATHS = NO;
				CLANG_ANALYZER_NONNULL = YES;
				CLANG_ANALYZER_NUMBER_OBJECT_CONVERSION = YES_AGGRESSIVE;
				CLANG_CXX_LANGUAGE_STANDARD = "gnu++14";
				CLANG_CXX_LIBRARY = "libc++";
				CLANG_ENABLE_MODULES = YES;
				CLANG_ENABLE_OBJC_ARC = YES;
				CLANG_WARN_BLOCK_CAPTURE_AUTORELEASING = YES;
				CLANG_WARN_BOOL_CONVERSION = YES;
				CLANG_WARN_COMMA = YES;
				CLANG_WARN_CONSTANT_CONVERSION = YES;
				CLANG_WARN_DIRECT_OBJC_ISA_USAGE = YES_ERROR;
				CLANG_WARN_DOCUMENTATION_COMMENTS = YES;
				CLANG_WARN_EMPTY_BODY = YES;
				CLANG_WARN_ENUM_CONVERSION = YES;
				CLANG_WARN_INFINITE_RECURSION = YES;
				CLANG_WARN_INT_CONVERSION = YES;
				CLANG_WARN_NON_LITERAL_NULL_CONVERSION = YES;
				CLANG_WARN_OBJC_LITERAL_CONVERSION = YES;
				CLANG_WARN_OBJC_ROOT_CLASS = YES_ERROR;
				CLANG_WARN_RANGE_LOOP_ANALYSIS = YES;
				CLANG_WARN_STRICT_PROTOTYPES = YES;
				CLANG_WARN_SUSPICIOUS_MOVE = YES;
				CLANG_WARN_UNGUARDED_AVAILABILITY = YES_AGGRESSIVE;
				CLANG_WARN_UNREACHABLE_CODE = YES;
				CLANG_WARN__DUPLICATE_METHOD_MATCH = YES;
				CODE_SIGN_IDENTITY = "iPhone Developer";
				COPY_PHASE_STRIP = NO;
				DEBUG_INFORMATION_FORMAT = dwarf;
				ENABLE_STRICT_OBJC_MSGSEND = YES;
				ENABLE_TESTABILITY = YES;
				GCC_C_LANGUAGE_STANDARD = gnu11;
				GCC_DYNAMIC_NO_PIC = NO;
				GCC_NO_COMMON_BLOCKS = YES;
				GCC_OPTIMIZATION_LEVEL = 0;
				GCC_PREPROCESSOR_DEFINITIONS = (
					"DEBUG=1",
					"$(inherited)",
				);
				GCC_WARN_64_TO_32_BIT_CONVERSION = YES;
				GCC_WARN_ABOUT_RETURN_TYPE = YES_ERROR;
				GCC_WARN_UNDECLARED_SELECTOR = YES;
				GCC_WARN_UNINITIALIZED_AUTOS = YES_AGGRESSIVE;
				GCC_WARN_UNUSED_FUNCTION = YES;
				GCC_WARN_UNUSED_VARIABLE = YES;
				IPHONEOS_DEPLOYMENT_TARGET = 11.0;
				MTL_ENABLE_DEBUG_INFO = YES;
				ONLY_ACTIVE_ARCH = YES;
				SDKROOT = iphoneos;
				SWIFT_ACTIVE_COMPILATION_CONDITIONS = DEBUG;
				SWIFT_OPTIMIZATION_LEVEL = "-Onone";
			};
			name = Debug;
		};
		499A0B5A1FA7EA60008B6FB3 /* Release */ = {
			isa = XCBuildConfiguration;
			buildSettings = {
				ALWAYS_SEARCH_USER_PATHS = NO;
				CLANG_ANALYZER_NONNULL = YES;
				CLANG_ANALYZER_NUMBER_OBJECT_CONVERSION = YES_AGGRESSIVE;
				CLANG_CXX_LANGUAGE_STANDARD = "gnu++14";
				CLANG_CXX_LIBRARY = "libc++";
				CLANG_ENABLE_MODULES = YES;
				CLANG_ENABLE_OBJC_ARC = YES;
				CLANG_WARN_BLOCK_CAPTURE_AUTORELEASING = YES;
				CLANG_WARN_BOOL_CONVERSION = YES;
				CLANG_WARN_COMMA = YES;
				CLANG_WARN_CONSTANT_CONVERSION = YES;
				CLANG_WARN_DIRECT_OBJC_ISA_USAGE = YES_ERROR;
				CLANG_WARN_DOCUMENTATION_COMMENTS = YES;
				CLANG_WARN_EMPTY_BODY = YES;
				CLANG_WARN_ENUM_CONVERSION = YES;
				CLANG_WARN_INFINITE_RECURSION = YES;
				CLANG_WARN_INT_CONVERSION = YES;
				CLANG_WARN_NON_LITERAL_NULL_CONVERSION = YES;
				CLANG_WARN_OBJC_LITERAL_CONVERSION = YES;
				CLANG_WARN_OBJC_ROOT_CLASS = YES_ERROR;
				CLANG_WARN_RANGE_LOOP_ANALYSIS = YES;
				CLANG_WARN_STRICT_PROTOTYPES = YES;
				CLANG_WARN_SUSPICIOUS_MOVE = YES;
				CLANG_WARN_UNGUARDED_AVAILABILITY = YES_AGGRESSIVE;
				CLANG_WARN_UNREACHABLE_CODE = YES;
				CLANG_WARN__DUPLICATE_METHOD_MATCH = YES;
				CODE_SIGN_IDENTITY = "iPhone Developer";
				COPY_PHASE_STRIP = NO;
				DEBUG_INFORMATION_FORMAT = "dwarf-with-dsym";
				ENABLE_NS_ASSERTIONS = NO;
				ENABLE_STRICT_OBJC_MSGSEND = YES;
				GCC_C_LANGUAGE_STANDARD = gnu11;
				GCC_NO_COMMON_BLOCKS = YES;
				GCC_WARN_64_TO_32_BIT_CONVERSION = YES;
				GCC_WARN_ABOUT_RETURN_TYPE = YES_ERROR;
				GCC_WARN_UNDECLARED_SELECTOR = YES;
				GCC_WARN_UNINITIALIZED_AUTOS = YES_AGGRESSIVE;
				GCC_WARN_UNUSED_FUNCTION = YES;
				GCC_WARN_UNUSED_VARIABLE = YES;
				IPHONEOS_DEPLOYMENT_TARGET = 11.0;
				MTL_ENABLE_DEBUG_INFO = NO;
				SDKROOT = iphoneos;
				SWIFT_OPTIMIZATION_LEVEL = "-Owholemodule";
				VALIDATE_PRODUCT = YES;
			};
			name = Release;
		};
		499A0B5C1FA7EA60008B6FB3 /* Debug */ = {
			isa = XCBuildConfiguration;
			buildSettings = {
				ASSETCATALOG_COMPILER_APPICON_NAME = AppIcon;
				CODE_SIGN_STYLE = Automatic;
				DEVELOPMENT_TEAM = YTYUD7N245;
				INFOPLIST_FILE = ProductHunt/Info.plist;
				LD_RUNPATH_SEARCH_PATHS = "$(inherited) @executable_path/Frameworks";
				PRODUCT_BUNDLE_IDENTIFIER = tsukudabuddha.ProductHunt;
				PRODUCT_NAME = "$(TARGET_NAME)";
				SWIFT_VERSION = 4.0;
				TARGETED_DEVICE_FAMILY = "1,2";
			};
			name = Debug;
		};
		499A0B5D1FA7EA60008B6FB3 /* Release */ = {
			isa = XCBuildConfiguration;
			buildSettings = {
				ASSETCATALOG_COMPILER_APPICON_NAME = AppIcon;
				CODE_SIGN_STYLE = Automatic;
				DEVELOPMENT_TEAM = YTYUD7N245;
				INFOPLIST_FILE = ProductHunt/Info.plist;
				LD_RUNPATH_SEARCH_PATHS = "$(inherited) @executable_path/Frameworks";
				PRODUCT_BUNDLE_IDENTIFIER = tsukudabuddha.ProductHunt;
				PRODUCT_NAME = "$(TARGET_NAME)";
				SWIFT_VERSION = 4.0;
				TARGETED_DEVICE_FAMILY = "1,2";
			};
			name = Release;
		};
/* End XCBuildConfiguration section */

/* Begin XCConfigurationList section */
		499A0B441FA7EA60008B6FB3 /* Build configuration list for PBXProject "ProductHunt" */ = {
			isa = XCConfigurationList;
			buildConfigurations = (
				499A0B591FA7EA60008B6FB3 /* Debug */,
				499A0B5A1FA7EA60008B6FB3 /* Release */,
			);
			defaultConfigurationIsVisible = 0;
			defaultConfigurationName = Release;
		};
		499A0B5B1FA7EA60008B6FB3 /* Build configuration list for PBXNativeTarget "ProductHunt" */ = {
			isa = XCConfigurationList;
			buildConfigurations = (
				499A0B5C1FA7EA60008B6FB3 /* Debug */,
				499A0B5D1FA7EA60008B6FB3 /* Release */,
			);
			defaultConfigurationIsVisible = 0;
			defaultConfigurationName = Release;
		};
/* End XCConfigurationList section */
	};
	rootObject = 499A0B411FA7EA60008B6FB3 /* Project object */;
}
